# THIS IS AN AUTOGENERATED FILE. DO NOT EDIT THIS FILE DIRECTLY.
# yarn lockfile v1


"@types/async@^2.0.40":
  version "2.0.40"
  resolved "https://registry.yarnpkg.com/@types/async/-/async-2.0.40.tgz#ac02de68e66c004a61b7cb16df8b1db3a254cca9"

"@types/node@^8.0.13":
  version "8.0.13"
  resolved "https://registry.yarnpkg.com/@types/node/-/node-8.0.13.tgz#530f0f9254209b0335bf5cc6387822594ef47093"

async@^2.5.0:
  version "2.5.0"
  resolved "https://registry.yarnpkg.com/async/-/async-2.5.0.tgz#843190fd6b7357a0b9e1c956edddd5ec8462b54d"
  dependencies:
    lodash "^4.14.0"

lodash@^4.14.0:
  version "4.17.4"
  resolved "https://registry.yarnpkg.com/lodash/-/lodash-4.17.4.tgz#78203a4d1c328ae1d86dca6460e369b57f4055ae"
